// !$*UTF8*$!
{
	archiveVersion = 1;
	classes = {
	};
	objectVersion = 46;
	objects = {

/* Begin PBXBuildFile section */
		45FA7CC91E999F35006FEB95 /* AppDelegate.swift in Sources */ = {isa = PBXBuildFile; fileRef = 45FA7CC81E999F35006FEB95 /* AppDelegate.swift */; };
		45FA7CCB1E999F35006FEB95 /* ViewController.swift in Sources */ = {isa = PBXBuildFile; fileRef = 45FA7CCA1E999F35006FEB95 /* ViewController.swift */; };
		45FA7CCE1E999F35006FEB95 /* Main.storyboard in Resources */ = {isa = PBXBuildFile; fileRef = 45FA7CCC1E999F35006FEB95 /* Main.storyboard */; };
		45FA7CD01E999F35006FEB95 /* Assets.xcassets in Resources */ = {isa = PBXBuildFile; fileRef = 45FA7CCF1E999F35006FEB95 /* Assets.xcassets */; };
		45FA7CD31E999F35006FEB95 /* LaunchScreen.storyboard in Resources */ = {isa = PBXBuildFile; fileRef = 45FA7CD11E999F35006FEB95 /* LaunchScreen.storyboard */; };
		45FA7CDB1E99AD89006FEB95 /* pokemon.csv in Resources */ = {isa = PBXBuildFile; fileRef = 45FA7CDA1E99AD89006FEB95 /* pokemon.csv */; };
		45FA7CDF1E99AEE9006FEB95 /* Pokemon.swift in Sources */ = {isa = PBXBuildFile; fileRef = 45FA7CDE1E99AEE9006FEB95 /* Pokemon.swift */; };
/* End PBXBuildFile section */

/* Begin PBXFileReference section */
		45FA7CC51E999F35006FEB95 /* pokedex.app */ = {isa = PBXFileReference; explicitFileType = wrapper.application; includeInIndex = 0; path = pokedex.app; sourceTree = BUILT_PRODUCTS_DIR; };
		45FA7CC81E999F35006FEB95 /* AppDelegate.swift */ = {isa = PBXFileReference; lastKnownFileType = sourcecode.swift; path = AppDelegate.swift; sourceTree = "<group>"; };
		45FA7CCA1E999F35006FEB95 /* ViewController.swift */ = {isa = PBXFileReference; lastKnownFileType = sourcecode.swift; path = ViewController.swift; sourceTree = "<group>"; };
		45FA7CCD1E999F35006FEB95 /* Base */ = {isa = PBXFileReference; lastKnownFileType = file.storyboard; name = Base; path = Base.lproj/Main.storyboard; sourceTree = "<group>"; };
		45FA7CCF1E999F35006FEB95 /* Assets.xcassets */ = {isa = PBXFileReference; lastKnownFileType = folder.assetcatalog; path = Assets.xcassets; sourceTree = "<group>"; };
		45FA7CD21E999F35006FEB95 /* Base */ = {isa = PBXFileReference; lastKnownFileType = file.storyboard; name = Base; path = Base.lproj/LaunchScreen.storyboard; sourceTree = "<group>"; };
		45FA7CD41E999F35006FEB95 /* Info.plist */ = {isa = PBXFileReference; lastKnownFileType = text.plist.xml; path = Info.plist; sourceTree = "<group>"; };
		45FA7CDA1E99AD89006FEB95 /* pokemon.csv */ = {isa = PBXFileReference; fileEncoding = 4; lastKnownFileType = text; path = pokemon.csv; sourceTree = "<group>"; };
		45FA7CDE1E99AEE9006FEB95 /* Pokemon.swift */ = {isa = PBXFileReference; fileEncoding = 4; lastKnownFileType = sourcecode.swift; path = Pokemon.swift; sourceTree = "<group>"; };
/* End PBXFileReference section */

/* Begin PBXFrameworksBuildPhase section */
		45FA7CC21E999F35006FEB95 /* Frameworks */ = {
			isa = PBXFrameworksBuildPhase;
			buildActionMask = 2147483647;
			files = (
			);
			runOnlyForDeploymentPostprocessing = 0;
		};
/* End PBXFrameworksBuildPhase section */

/* Begin PBXGroup section */
		45FA7CBC1E999F35006FEB95 = {
			isa = PBXGroup;
			children = (
				45FA7CC71E999F35006FEB95 /* pokedex */,
				45FA7CC61E999F35006FEB95 /* Products */,
			);
			sourceTree = "<group>";
		};
		45FA7CC61E999F35006FEB95 /* Products */ = {
			isa = PBXGroup;
			children = (
				45FA7CC51E999F35006FEB95 /* pokedex.app */,
			);
			name = Products;
			sourceTree = "<group>";
		};
		45FA7CC71E999F35006FEB95 /* pokedex */ = {
			isa = PBXGroup;
			children = (
				45FA7CDD1E99AEB1006FEB95 /* Model */,
				45FA7CC81E999F35006FEB95 /* AppDelegate.swift */,
				45FA7CCA1E999F35006FEB95 /* ViewController.swift */,
				45FA7CCC1E999F35006FEB95 /* Main.storyboard */,
				45FA7CCF1E999F35006FEB95 /* Assets.xcassets */,
				45FA7CDA1E99AD89006FEB95 /* pokemon.csv */,
				45FA7CD11E999F35006FEB95 /* LaunchScreen.storyboard */,
				45FA7CD41E999F35006FEB95 /* Info.plist */,
			);
			path = pokedex;
			sourceTree = "<group>";
		};
		45FA7CDD1E99AEB1006FEB95 /* Model */ = {
			isa = PBXGroup;
			children = (
				45FA7CDE1E99AEE9006FEB95 /* Pokemon.swift */,
			);
			name = Model;
			sourceTree = "<group>";
		};
/* End PBXGroup section */

/* Begin PBXNativeTarget section */
		45FA7CC41E999F35006FEB95 /* pokedex */ = {
			isa = PBXNativeTarget;
			buildConfigurationList = 45FA7CD71E999F35006FEB95 /* Build configuration list for PBXNativeTarget "pokedex" */;
			buildPhases = (
				45FA7CC11E999F35006FEB95 /* Sources */,
				45FA7CC21E999F35006FEB95 /* Frameworks */,
				45FA7CC31E999F35006FEB95 /* Resources */,
			);
			buildRules = (
			);
			dependencies = (
			);
			name = pokedex;
			productName = pokedex;
			productReference = 45FA7CC51E999F35006FEB95 /* pokedex.app */;
			productType = "com.apple.product-type.application";
		};
/* End PBXNativeTarget section */

/* Begin PBXProject section */
		45FA7CBD1E999F35006FEB95 /* Project object */ = {
			isa = PBXProject;
			attributes = {
				LastSwiftUpdateCheck = 0830;
				LastUpgradeCheck = 0830;
				ORGANIZATIONNAME = "Slobodan Antonijevic";
				TargetAttributes = {
					45FA7CC41E999F35006FEB95 = {
						CreatedOnToolsVersion = 8.3;
						DevelopmentTeam = N6ZF8A33P7;
						ProvisioningStyle = Automatic;
					};
				};
			};
			buildConfigurationList = 45FA7CC01E999F35006FEB95 /* Build configuration list for PBXProject "pokedex" */;
			compatibilityVersion = "Xcode 3.2";
			developmentRegion = English;
			hasScannedForEncodings = 0;
			knownRegions = (
				en,
				Base,
			);
			mainGroup = 45FA7CBC1E999F35006FEB95;
			productRefGroup = 45FA7CC61E999F35006FEB95 /* Products */;
			projectDirPath = "";
			projectRoot = "";
			targets = (
				45FA7CC41E999F35006FEB95 /* pokedex */,
			);
		};
/* End PBXProject section */

/* Begin PBXResourcesBuildPhase section */
		45FA7CC31E999F35006FEB95 /* Resources */ = {
			isa = PBXResourcesBuildPhase;
			buildActionMask = 2147483647;
			files = (
				45FA7CD31E999F35006FEB95 /* LaunchScreen.storyboard in Resources */,
				45FA7CD01E999F35006FEB95 /* Assets.xcassets in Resources */,
				45FA7CDB1E99AD89006FEB95 /* pokemon.csv in Resources */,
				45FA7CCE1E999F35006FEB95 /* Main.storyboard in Resources */,
			);
			runOnlyForDeploymentPostprocessing = 0;
		};
/* End PBXResourcesBuildPhase section */

/* Begin PBXSourcesBuildPhase section */
		45FA7CC11E999F35006FEB95 /* Sources */ = {
			isa = PBXSourcesBuildPhase;
			buildActionMask = 2147483647;
			files = (
				45FA7CCB1E999F35006FEB95 /* ViewController.swift in Sources */,
				45FA7CC91E999F35006FEB95 /* AppDelegate.swift in Sources */,
				45FA7CDF1E99AEE9006FEB95 /* Pokemon.swift in Sources */,
			);
			runOnlyForDeploymentPostprocessing = 0;
		};
/* End PBXSourcesBuildPhase section */

/* Begin PBXVariantGroup section */
		45FA7CCC1E999F35006FEB95 /* Main.storyboard */ = {
			isa = PBXVariantGroup;
			children = (
				45FA7CCD1E999F35006FEB95 /* Base */,
			);
			name = Main.storyboard;
			sourceTree = "<group>";
		};
		45FA7CD11E999F35006FEB95 /* LaunchScreen.storyboard */ = {
			isa = PBXVariantGroup;
			children = (
				45FA7CD21E999F35006FEB95 /* Base */,
			);
			name = LaunchScreen.storyboard;
			sourceTree = "<group>";
		};
/* End PBXVariantGroup section */

/* Begin XCBuildConfiguration section */
		45FA7CD51E999F35006FEB95 /* Debug */ = {
			isa = XCBuildConfiguration;
			buildSettings = {
				ALWAYS_SEARCH_USER_PATHS = NO;
				CLANG_ANALYZER_NONNULL = YES;
				CLANG_ANALYZER_NUMBER_OBJECT_CONVERSION = YES_AGGRESSIVE;
				CLANG_CXX_LANGUAGE_STANDARD = "gnu++0x";
				CLANG_CXX_LIBRARY = "libc++";
				CLANG_ENABLE_MODULES = YES;
				CLANG_ENABLE_OBJC_ARC = YES;
				CLANG_WARN_BOOL_CONVERSION = YES;
				CLANG_WARN_CONSTANT_CONVERSION = YES;
				CLANG_WARN_DIRECT_OBJC_ISA_USAGE = YES_ERROR;
				CLANG_WARN_DOCUMENTATION_COMMENTS = YES;
				CLANG_WARN_EMPTY_BODY = YES;
				CLANG_WARN_ENUM_CONVERSION = YES;
				CLANG_WARN_INFINITE_RECURSION = YES;
				CLANG_WARN_INT_CONVERSION = YES;
				CLANG_WARN_OBJC_ROOT_CLASS = YES_ERROR;
				CLANG_WARN_SUSPICIOUS_MOVE = YES;
				CLANG_WARN_UNREACHABLE_CODE = YES;
				CLANG_WARN__DUPLICATE_METHOD_MATCH = YES;
				"CODE_SIGN_IDENTITY[sdk=iphoneos*]" = "iPhone Developer";
				COPY_PHASE_STRIP = NO;
				DEBUG_INFORMATION_FORMAT = dwarf;
				ENABLE_STRICT_OBJC_MSGSEND = YES;
				ENABLE_TESTABILITY = YES;
				GCC_C_LANGUAGE_STANDARD = gnu99;
				GCC_DYNAMIC_NO_PIC = NO;
				GCC_NO_COMMON_BLOCKS = YES;
				GCC_OPTIMIZATION_LEVEL = 0;
				GCC_PREPROCESSOR_DEFINITIONS = (
					"DEBUG=1",
					"$(inherited)",
				);
				GCC_WARN_64_TO_32_BIT_CONVERSION = YES;
				GCC_WARN_ABOUT_RETURN_TYPE = YES_ERROR;
				GCC_WARN_UNDECLARED_SELECTOR = YES;
				GCC_WARN_UNINITIALIZED_AUTOS = YES_AGGRESSIVE;
				GCC_WARN_UNUSED_FUNCTION = YES;
				GCC_WARN_UNUSED_VARIABLE = YES;
				IPHONEOS_DEPLOYMENT_TARGET = 10.3;
				MTL_ENABLE_DEBUG_INFO = YES;
				ONLY_ACTIVE_ARCH = YES;
				SDKROOT = iphoneos;
				SWIFT_ACTIVE_COMPILATION_CONDITIONS = DEBUG;
				SWIFT_OPTIMIZATION_LEVEL = "-Onone";
				TARGETED_DEVICE_FAMILY = "1,2";
			};
			name = Debug;
		};
		45FA7CD61E999F35006FEB95 /* Release */ = {
			isa = XCBuildConfiguration;
			buildSettings = {
				ALWAYS_SEARCH_USER_PATHS = NO;
				CLANG_ANALYZER_NONNULL = YES;
				CLANG_ANALYZER_NUMBER_OBJECT_CONVERSION = YES_AGGRESSIVE;
				CLANG_CXX_LANGUAGE_STANDARD = "gnu++0x";
				CLANG_CXX_LIBRARY = "libc++";
				CLANG_ENABLE_MODULES = YES;
				CLANG_ENABLE_OBJC_ARC = YES;
				CLANG_WARN_BOOL_CONVERSION = YES;
				CLANG_WARN_CONSTANT_CONVERSION = YES;
				CLANG_WARN_DIRECT_OBJC_ISA_USAGE = YES_ERROR;
				CLANG_WARN_DOCUMENTATION_COMMENTS = YES;
				CLANG_WARN_EMPTY_BODY = YES;
				CLANG_WARN_ENUM_CONVERSION = YES;
				CLANG_WARN_INFINITE_RECURSION = YES;
				CLANG_WARN_INT_CONVERSION = YES;
				CLANG_WARN_OBJC_ROOT_CLASS = YES_ERROR;
				CLANG_WARN_SUSPICIOUS_MOVE = YES;
				CLANG_WARN_UNREACHABLE_CODE = YES;
				CLANG_WARN__DUPLICATE_METHOD_MATCH = YES;
				"CODE_SIGN_IDENTITY[sdk=iphoneos*]" = "iPhone Developer";
				COPY_PHASE_STRIP = NO;
				DEBUG_INFORMATION_FORMAT = "dwarf-with-dsym";
				ENABLE_NS_ASSERTIONS = NO;
				ENABLE_STRICT_OBJC_MSGSEND = YES;
				GCC_C_LANGUAGE_STANDARD = gnu99;
				GCC_NO_COMMON_BLOCKS = YES;
				GCC_WARN_64_TO_32_BIT_CONVERSION = YES;
				GCC_WARN_ABOUT_RETURN_TYPE = YES_ERROR;
				GCC_WARN_UNDECLARED_SELECTOR = YES;
				GCC_WARN_UNINITIALIZED_AUTOS = YES_AGGRESSIVE;
				GCC_WARN_UNUSED_FUNCTION = YES;
				GCC_WARN_UNUSED_VARIABLE = YES;
				IPHONEOS_DEPLOYMENT_TARGET = 10.3;
				MTL_ENABLE_DEBUG_INFO = NO;
				SDKROOT = iphoneos;
				SWIFT_OPTIMIZATION_LEVEL = "-Owholemodule";
				TARGETED_DEVICE_FAMILY = "1,2";
				VALIDATE_PRODUCT = YES;
			};
			name = Release;
		};
		45FA7CD81E999F35006FEB95 /* Debug */ = {
			isa = XCBuildConfiguration;
			buildSettings = {
				ASSETCATALOG_COMPILER_APPICON_NAME = AppIcon;
				DEVELOPMENT_TEAM = N6ZF8A33P7;
				INFOPLIST_FILE = pokedex/Info.plist;
				LD_RUNPATH_SEARCH_PATHS = "$(inherited) @executable_path/Frameworks";
				PRODUCT_BUNDLE_IDENTIFIER = com.softserbia.pokedex;
				PRODUCT_NAME = "$(TARGET_NAME)";
				SWIFT_VERSION = 3.0;
			};
			name = Debug;
		};
		45FA7CD91E999F35006FEB95 /* Release */ = {
			isa = XCBuildConfiguration;
			buildSettings = {
				ASSETCATALOG_COMPILER_APPICON_NAME = AppIcon;
				DEVELOPMENT_TEAM = N6ZF8A33P7;
				INFOPLIST_FILE = pokedex/Info.plist;
				LD_RUNPATH_SEARCH_PATHS = "$(inherited) @executable_path/Frameworks";
				PRODUCT_BUNDLE_IDENTIFIER = com.softserbia.pokedex;
				PRODUCT_NAME = "$(TARGET_NAME)";
				SWIFT_VERSION = 3.0;
			};
			name = Release;
		};
/* End XCBuildConfiguration section */

/* Begin XCConfigurationList section */
		45FA7CC01E999F35006FEB95 /* Build configuration list for PBXProject "pokedex" */ = {
			isa = XCConfigurationList;
			buildConfigurations = (
				45FA7CD51E999F35006FEB95 /* Debug */,
				45FA7CD61E999F35006FEB95 /* Release */,
			);
			defaultConfigurationIsVisible = 0;
			defaultConfigurationName = Release;
		};
		45FA7CD71E999F35006FEB95 /* Build configuration list for PBXNativeTarget "pokedex" */ = {
			isa = XCConfigurationList;
			buildConfigurations = (
				45FA7CD81E999F35006FEB95 /* Debug */,
				45FA7CD91E999F35006FEB95 /* Release */,
			);
			defaultConfigurationIsVisible = 0;
		};
/* End XCConfigurationList section */
	};
	rootObject = 45FA7CBD1E999F35006FEB95 /* Project object */;
}
